
Microsoft Visual Studio Solution File, Format Version 12.00
# Visual Studio Version 17
VisualStudioVersion = 17.1.32228.430
MinimumVisualStudioVersion = 10.0.40219.1
Project("{9A19103F-16F7-4668-BE54-9A1E7A4F7556}") = "DefiningModels", "DefiningModels\DefiningModels.csproj", "{62FB436E-D358-4154-B69F-9D621EC9F76B}"
EndProject
Project("{9A19103F-16F7-4668-BE54-9A1E7A4F7556}") = "EntityProperties", "EntityProperties\EntityProperties.csproj", "{5DB582ED-3750-4DEF-95DC-F2185042BA97}"
EndProject
Project("{9A19103F-16F7-4668-BE54-9A1E7A4F7556}") = "EntityConstructor", "EntityConstructor\EntityConstructor.csproj", "{8DB7081C-42D0-4492-89A3-A30459E204C4}"
EndProject
Project("{9A19103F-16F7-4668-BE54-9A1E7A4F7556}") = "EntityField", "EntityField\EntityField.csproj", "{A50EBCDB-D103-4BAF-8617-A4C9D17A0903}"
EndProject
Project("{9A19103F-16F7-4668-BE54-9A1E7A4F7556}") = "MappingTablesAndColumns", "MappingTablesAndColumns\MappingTablesAndColumns.csproj", "{0FC28116-427B-4A3B-B115-BDB15A3AB5D2}"
EndProject
Project("{9A19103F-16F7-4668-BE54-9A1E7A4F7556}") = "RequiredProperty", "RequiredProperty\RequiredProperty.csproj", "{FA6BA82E-815D-4B75-BCAC-11A0B2CFB096}"
EndProject
Project("{9A19103F-16F7-4668-BE54-9A1E7A4F7556}") = "CreateKeys", "CreateKeys\CreateKeys.csproj", "{4B2CF90F-7FF4-4AB5-BFC0-5767DC5D6031}"
EndProject
Project("{9A19103F-16F7-4668-BE54-9A1E7A4F7556}") = "CreateIndex", "CreateIndex\CreateIndex.csproj", "{CACE491C-22E3-46F0-B083-592470319B2A}"
EndProject
Project("{9A19103F-16F7-4668-BE54-9A1E7A4F7556}") = "GenerateProperties", "GenerateProperties\GenerateProperties.csproj", "{A255DAFF-C1B3-495D-ACBF-72E0A3308B6E}"
EndProject
Project("{9A19103F-16F7-4668-BE54-9A1E7A4F7556}") = "PropertyConstraints", "PropertyConstraints\PropertyConstraints.csproj", "{1EC84B02-ED9D-4F7C-9AAD-A87366BB5CF9}"
EndProject
Project("{FAE04EC0-301F-11D3-BF4B-00C04F79EFBC}") = "ModelConfiguration", "ModelConfiguration\ModelConfiguration.csproj", "{4E3AFBF5-6ABB-4347-A4F0-FDDE5BC3C659}"
EndProject
Global
	GlobalSection(SolutionConfigurationPlatforms) = preSolution
		Debug|Any CPU = Debug|Any CPU
		Release|Any CPU = Release|Any CPU
	EndGlobalSection
	GlobalSection(ProjectConfigurationPlatforms) = postSolution
		{62FB436E-D358-4154-B69F-9D621EC9F76B}.Debug|Any CPU.ActiveCfg = Debug|Any CPU
		{62FB436E-D358-4154-B69F-9D621EC9F76B}.Debug|Any CPU.Build.0 = Debug|Any CPU
		{62FB436E-D358-4154-B69F-9D621EC9F76B}.Release|Any CPU.ActiveCfg = Release|Any CPU
		{62FB436E-D358-4154-B69F-9D621EC9F76B}.Release|Any CPU.Build.0 = Release|Any CPU
		{5DB582ED-3750-4DEF-95DC-F2185042BA97}.Debug|Any CPU.ActiveCfg = Debug|Any CPU
		{5DB582ED-3750-4DEF-95DC-F2185042BA97}.Debug|Any CPU.Build.0 = Debug|Any CPU
		{5DB582ED-3750-4DEF-95DC-F2185042BA97}.Release|Any CPU.ActiveCfg = Release|Any CPU
		{5DB582ED-3750-4DEF-95DC-F2185042BA97}.Release|Any CPU.Build.0 = Release|Any CPU
		{8DB7081C-42D0-4492-89A3-A30459E204C4}.Debug|Any CPU.ActiveCfg = Debug|Any CPU
		{8DB7081C-42D0-4492-89A3-A30459E204C4}.Debug|Any CPU.Build.0 = Debug|Any CPU
		{8DB7081C-42D0-4492-89A3-A30459E204C4}.Release|Any CPU.ActiveCfg = Release|Any CPU
		{8DB7081C-42D0-4492-89A3-A30459E204C4}.Release|Any CPU.Build.0 = Release|Any CPU
		{A50EBCDB-D103-4BAF-8617-A4C9D17A0903}.Debug|Any CPU.ActiveCfg = Debug|Any CPU
		{A50EBCDB-D103-4BAF-8617-A4C9D17A0903}.Debug|Any CPU.Build.0 = Debug|Any CPU
		{A50EBCDB-D103-4BAF-8617-A4C9D17A0903}.Release|Any CPU.ActiveCfg = Release|Any CPU
		{A50EBCDB-D103-4BAF-8617-A4C9D17A0903}.Release|Any CPU.Build.0 = Release|Any CPU
		{0FC28116-427B-4A3B-B115-BDB15A3AB5D2}.Debug|Any CPU.ActiveCfg = Debug|Any CPU
		{0FC28116-427B-4A3B-B115-BDB15A3AB5D2}.Debug|Any CPU.Build.0 = Debug|Any CPU
		{0FC28116-427B-4A3B-B115-BDB15A3AB5D2}.Release|Any CPU.ActiveCfg = Release|Any CPU
		{0FC28116-427B-4A3B-B115-BDB15A3AB5D2}.Release|Any CPU.Build.0 = Release|Any CPU
		{FA6BA82E-815D-4B75-BCAC-11A0B2CFB096}.Debug|Any CPU.ActiveCfg = Debug|Any CPU
		{FA6BA82E-815D-4B75-BCAC-11A0B2CFB096}.Debug|Any CPU.Build.0 = Debug|Any CPU
		{FA6BA82E-815D-4B75-BCAC-11A0B2CFB096}.Release|Any CPU.ActiveCfg = Release|Any CPU
		{FA6BA82E-815D-4B75-BCAC-11A0B2CFB096}.Release|Any CPU.Build.0 = Release|Any CPU
		{4B2CF90F-7FF4-4AB5-BFC0-5767DC5D6031}.Debug|Any CPU.ActiveCfg = Debug|Any CPU
		{4B2CF90F-7FF4-4AB5-BFC0-5767DC5D6031}.Debug|Any CPU.Build.0 = Debug|Any CPU
		{4B2CF90F-7FF4-4AB5-BFC0-5767DC5D6031}.Release|Any CPU.ActiveCfg = Release|Any CPU
		{4B2CF90F-7FF4-4AB5-BFC0-5767DC5D6031}.Release|Any CPU.Build.0 = Release|Any CPU
		{CACE491C-22E3-46F0-B083-592470319B2A}.Debug|Any CPU.ActiveCfg = Debug|Any CPU
		{CACE491C-22E3-46F0-B083-592470319B2A}.Debug|Any CPU.Build.0 = Debug|Any CPU
		{CACE491C-22E3-46F0-B083-592470319B2A}.Release|Any CPU.ActiveCfg = Release|Any CPU
		{CACE491C-22E3-46F0-B083-592470319B2A}.Release|Any CPU.Build.0 = Release|Any CPU
		{A255DAFF-C1B3-495D-ACBF-72E0A3308B6E}.Debug|Any CPU.ActiveCfg = Debug|Any CPU
		{A255DAFF-C1B3-495D-ACBF-72E0A3308B6E}.Debug|Any CPU.Build.0 = Debug|Any CPU
		{A255DAFF-C1B3-495D-ACBF-72E0A3308B6E}.Release|Any CPU.ActiveCfg = Release|Any CPU
		{A255DAFF-C1B3-495D-ACBF-72E0A3308B6E}.Release|Any CPU.Build.0 = Release|Any CPU
		{1EC84B02-ED9D-4F7C-9AAD-A87366BB5CF9}.Debug|Any CPU.ActiveCfg = Debug|Any CPU
		{1EC84B02-ED9D-4F7C-9AAD-A87366BB5CF9}.Debug|Any CPU.Build.0 = Debug|Any CPU
		{1EC84B02-ED9D-4F7C-9AAD-A87366BB5CF9}.Release|Any CPU.ActiveCfg = Release|Any CPU
		{1EC84B02-ED9D-4F7C-9AAD-A87366BB5CF9}.Release|Any CPU.Build.0 = Release|Any CPU
		{4E3AFBF5-6ABB-4347-A4F0-FDDE5BC3C659}.Debug|Any CPU.ActiveCfg = Debug|Any CPU
		{4E3AFBF5-6ABB-4347-A4F0-FDDE5BC3C659}.Debug|Any CPU.Build.0 = Debug|Any CPU
		{4E3AFBF5-6ABB-4347-A4F0-FDDE5BC3C659}.Release|Any CPU.ActiveCfg = Release|Any CPU
		{4E3AFBF5-6ABB-4347-A4F0-FDDE5BC3C659}.Release|Any CPU.Build.0 = Release|Any CPU
	EndGlobalSection
	GlobalSection(SolutionProperties) = preSolution
		HideSolutionNode = FALSE
	EndGlobalSection
	GlobalSection(ExtensibilityGlobals) = postSolution
		SolutionGuid = {DCBD0DC4-1DA9-4173-AC6E-E78FB7FC276A}
	EndGlobalSection
EndGlobal
